
Microsoft Visual Studio Solution File, Format Version 12.00
# Visual Studio Version 16
VisualStudioVersion = 16.0.32929.386
MinimumVisualStudioVersion = 10.0.40219.1
Project("{FAE04EC0-301F-11D3-BF4B-00C04F79EFBC}") = "HotTab_Win10", "HotTab_Win10\HotTab_Win10.csproj", "{AD785C4C-250E-46B6-AB6B-7CC657C7EE03}"
EndProject
Project("{FAE04EC0-301F-11D3-BF4B-00C04F79EFBC}") = "CollectDataAP", "CollectDataAP\CollectDataAP.csproj", "{3F69F041-3C2A-42DA-8582-844756FEA682}"
EndProject
Project("{C7167F0D-BC9F-4E6E-AFE1-012C56B48DB5}") = "WapProj_HotTab_Win10", "WapProj_HotTab_Win10\WapProj_HotTab_Win10.wapproj", "{03C9DF6A-FA51-46AB-AC72-8156F742FB5B}"
EndProject
Global
	GlobalSection(SolutionConfigurationPlatforms) = preSolution
		Debug|Any CPU = Debug|Any CPU
		Debug|ARM = Debug|ARM
		Debug|ARM64 = Debug|ARM64
		Debug|x64 = Debug|x64
		Debug|x86 = Debug|x86
		Release|Any CPU = Release|Any CPU
		Release|ARM = Release|ARM
		Release|ARM64 = Release|ARM64
		Release|x64 = Release|x64
		Release|x86 = Release|x86
	EndGlobalSection
	GlobalSection(ProjectConfigurationPlatforms) = postSolution
		{AD785C4C-250E-46B6-AB6B-7CC657C7EE03}.Debug|Any CPU.ActiveCfg = Debug|x86
		{AD785C4C-250E-46B6-AB6B-7CC657C7EE03}.Debug|ARM.ActiveCfg = Debug|ARM
		{AD785C4C-250E-46B6-AB6B-7CC657C7EE03}.Debug|ARM.Build.0 = Debug|ARM
		{AD785C4C-250E-46B6-AB6B-7CC657C7EE03}.Debug|ARM.Deploy.0 = Debug|ARM
		{AD785C4C-250E-46B6-AB6B-7CC657C7EE03}.Debug|ARM64.ActiveCfg = Debug|ARM64
		{AD785C4C-250E-46B6-AB6B-7CC657C7EE03}.Debug|ARM64.Build.0 = Debug|ARM64
		{AD785C4C-250E-46B6-AB6B-7CC657C7EE03}.Debug|ARM64.Deploy.0 = Debug|ARM64
		{AD785C4C-250E-46B6-AB6B-7CC657C7EE03}.Debug|x64.ActiveCfg = Debug|x64
		{AD785C4C-250E-46B6-AB6B-7CC657C7EE03}.Debug|x64.Build.0 = Debug|x64
		{AD785C4C-250E-46B6-AB6B-7CC657C7EE03}.Debug|x64.Deploy.0 = Debug|x64
		{AD785C4C-250E-46B6-AB6B-7CC657C7EE03}.Debug|x86.ActiveCfg = Debug|x86
		{AD785C4C-250E-46B6-AB6B-7CC657C7EE03}.Debug|x86.Build.0 = Debug|x86
		{AD785C4C-250E-46B6-AB6B-7CC657C7EE03}.Debug|x86.Deploy.0 = Debug|x86
		{AD785C4C-250E-46B6-AB6B-7CC657C7EE03}.Release|Any CPU.ActiveCfg = Release|x86
		{AD785C4C-250E-46B6-AB6B-7CC657C7EE03}.Release|ARM.ActiveCfg = Release|ARM
		{AD785C4C-250E-46B6-AB6B-7CC657C7EE03}.Release|ARM.Build.0 = Release|ARM
		{AD785C4C-250E-46B6-AB6B-7CC657C7EE03}.Release|ARM.Deploy.0 = Release|ARM
		{AD785C4C-250E-46B6-AB6B-7CC657C7EE03}.Release|ARM64.ActiveCfg = Release|ARM64
		{AD785C4C-250E-46B6-AB6B-7CC657C7EE03}.Release|ARM64.Build.0 = Release|ARM64
		{AD785C4C-250E-46B6-AB6B-7CC657C7EE03}.Release|ARM64.Deploy.0 = Release|ARM64
		{AD785C4C-250E-46B6-AB6B-7CC657C7EE03}.Release|x64.ActiveCfg = Release|x64
		{AD785C4C-250E-46B6-AB6B-7CC657C7EE03}.Release|x64.Build.0 = Release|x64
		{AD785C4C-250E-46B6-AB6B-7CC657C7EE03}.Release|x64.Deploy.0 = Release|x64
		{AD785C4C-250E-46B6-AB6B-7CC657C7EE03}.Release|x86.ActiveCfg = Release|x86
		{AD785C4C-250E-46B6-AB6B-7CC657C7EE03}.Release|x86.Build.0 = Release|x86
		{AD785C4C-250E-46B6-AB6B-7CC657C7EE03}.Release|x86.Deploy.0 = Release|x86
		{3F69F041-3C2A-42DA-8582-844756FEA682}.Debug|Any CPU.ActiveCfg = Debug|Any CPU
		{3F69F041-3C2A-42DA-8582-844756FEA682}.Debug|Any CPU.Build.0 = Debug|Any CPU
		{3F69F041-3C2A-42DA-8582-844756FEA682}.Debug|ARM.ActiveCfg = Debug|Any CPU
		{3F69F041-3C2A-42DA-8582-844756FEA682}.Debug|ARM.Build.0 = Debug|Any CPU
		{3F69F041-3C2A-42DA-8582-844756FEA682}.Debug|ARM64.ActiveCfg = Debug|Any CPU
		{3F69F041-3C2A-42DA-8582-844756FEA682}.Debug|ARM64.Build.0 = Debug|Any CPU
		{3F69F041-3C2A-42DA-8582-844756FEA682}.Debug|x64.ActiveCfg = Debug|Any CPU
		{3F69F041-3C2A-42DA-8582-844756FEA682}.Debug|x64.Build.0 = Debug|Any CPU
		{3F69F041-3C2A-42DA-8582-844756FEA682}.Debug|x86.ActiveCfg = Debug|Any CPU
		{3F69F041-3C2A-42DA-8582-844756FEA682}.Debug|x86.Build.0 = Debug|Any CPU
		{3F69F041-3C2A-42DA-8582-844756FEA682}.Release|Any CPU.ActiveCfg = Release|Any CPU
		{3F69F041-3C2A-42DA-8582-844756FEA682}.Release|Any CPU.Build.0 = Release|Any CPU
		{3F69F041-3C2A-42DA-8582-844756FEA682}.Release|ARM.ActiveCfg = Release|Any CPU
		{3F69F041-3C2A-42DA-8582-844756FEA682}.Release|ARM.Build.0 = Release|Any CPU
		{3F69F041-3C2A-42DA-8582-844756FEA682}.Release|ARM64.ActiveCfg = Release|Any CPU
		{3F69F041-3C2A-42DA-8582-844756FEA682}.Release|ARM64.Build.0 = Release|Any CPU
		{3F69F041-3C2A-42DA-8582-844756FEA682}.Release|x64.ActiveCfg = Release|Any CPU
		{3F69F041-3C2A-42DA-8582-844756FEA682}.Release|x64.Build.0 = Release|Any CPU
		{3F69F041-3C2A-42DA-8582-844756FEA682}.Release|x86.ActiveCfg = Release|Any CPU
		{3F69F041-3C2A-42DA-8582-844756FEA682}.Release|x86.Build.0 = Release|Any CPU
		{03C9DF6A-FA51-46AB-AC72-8156F742FB5B}.Debug|Any CPU.ActiveCfg = Debug|Any CPU
		{03C9DF6A-FA51-46AB-AC72-8156F742FB5B}.Debug|Any CPU.Build.0 = Debug|Any CPU
		{03C9DF6A-FA51-46AB-AC72-8156F742FB5B}.Debug|Any CPU.Deploy.0 = Debug|Any CPU
		{03C9DF6A-FA51-46AB-AC72-8156F742FB5B}.Debug|ARM.ActiveCfg = Debug|ARM
		{03C9DF6A-FA51-46AB-AC72-8156F742FB5B}.Debug|ARM.Build.0 = Debug|ARM
		{03C9DF6A-FA51-46AB-AC72-8156F742FB5B}.Debug|ARM.Deploy.0 = Debug|ARM
		{03C9DF6A-FA51-46AB-AC72-8156F742FB5B}.Debug|ARM64.ActiveCfg = Debug|ARM64
		{03C9DF6A-FA51-46AB-AC72-8156F742FB5B}.Debug|ARM64.Build.0 = Debug|ARM64
		{03C9DF6A-FA51-46AB-AC72-8156F742FB5B}.Debug|ARM64.Deploy.0 = Debug|ARM64
		{03C9DF6A-FA51-46AB-AC72-8156F742FB5B}.Debug|x64.ActiveCfg = Debug|x64
		{03C9DF6A-FA51-46AB-AC72-8156F742FB5B}.Debug|x64.Build.0 = Debug|x64
		{03C9DF6A-FA51-46AB-AC72-8156F742FB5B}.Debug|x64.Deploy.0 = Debug|x64
		{03C9DF6A-FA51-46AB-AC72-8156F742FB5B}.Debug|x86.ActiveCfg = Debug|x86
		{03C9DF6A-FA51-46AB-AC72-8156F742FB5B}.Debug|x86.Build.0 = Debug|x86
		{03C9DF6A-FA51-46AB-AC72-8156F742FB5B}.Debug|x86.Deploy.0 = Debug|x86
		{03C9DF6A-FA51-46AB-AC72-8156F742FB5B}.Release|Any CPU.ActiveCfg = Release|Any CPU
		{03C9DF6A-FA51-46AB-AC72-8156F742FB5B}.Release|Any CPU.Build.0 = Release|Any CPU
		{03C9DF6A-FA51-46AB-AC72-8156F742FB5B}.Release|Any CPU.Deploy.0 = Release|Any CPU
		{03C9DF6A-FA51-46AB-AC72-8156F742FB5B}.Release|ARM.ActiveCfg = Release|ARM
		{03C9DF6A-FA51-46AB-AC72-8156F742FB5B}.Release|ARM.Build.0 = Release|ARM
		{03C9DF6A-FA51-46AB-AC72-8156F742FB5B}.Release|ARM.Deploy.0 = Release|ARM
		{03C9DF6A-FA51-46AB-AC72-8156F742FB5B}.Release|ARM64.ActiveCfg = Release|ARM64
		{03C9DF6A-FA51-46AB-AC72-8156F742FB5B}.Release|ARM64.Build.0 = Release|ARM64
		{03C9DF6A-FA51-46AB-AC72-8156F742FB5B}.Release|ARM64.Deploy.0 = Release|ARM64
		{03C9DF6A-FA51-46AB-AC72-8156F742FB5B}.Release|x64.ActiveCfg = Release|x64
		{03C9DF6A-FA51-46AB-AC72-8156F742FB5B}.Release|x64.Build.0 = Release|x64
		{03C9DF6A-FA51-46AB-AC72-8156F742FB5B}.Release|x64.Deploy.0 = Release|x64
		{03C9DF6A-FA51-46AB-AC72-8156F742FB5B}.Release|x86.ActiveCfg = Release|x86
		{03C9DF6A-FA51-46AB-AC72-8156F742FB5B}.Release|x86.Build.0 = Release|x86
		{03C9DF6A-FA51-46AB-AC72-8156F742FB5B}.Release|x86.Deploy.0 = Release|x86
	EndGlobalSection
	GlobalSection(SolutionProperties) = preSolution
		HideSolutionNode = FALSE
	EndGlobalSection
	GlobalSection(ExtensibilityGlobals) = postSolution
		SolutionGuid = {9B597909-D975-4F9B-A8F4-02C31353D2F5}
	EndGlobalSection
EndGlobal
